cloud.google.com/go v0.17.0 h1:rN+I4wtmtc8w3gx2Ed5NSjjYJ9BmiqyIPxK7uy9gvmQ=
cloud.google.com/go v0.17.0/go.mod h1:aQUYkXzVsufM+DwF1aE+0xfcU+56JwCaLick0ClmMTw=
github.com/BurntSushi/toml v0.3.0 h1:e1/Ivsx3Z0FVTV0NSOv/aVgbUWyQuzj7DDnFblkRvsY=
github.com/BurntSushi/toml v0.3.0/go.mod h1:xHWCNGjB5oqiDr8zfno3MHue2Ht5sIBksp03qcyfWMU=
github.com/ChimeraCoder/tokenbucket v0.0.0-20131201223612-c5a927568de7 h1:r+EmXjfPosKO4wfiMLe1XQictsIlhErTufbWUsjOTZs=
github.com/ChimeraCoder/tokenbucket v0.0.0-20131201223612-c5a927568de7/go.mod h1:b2EuEMLSG9q3bZ95ql1+8oVqzzrTNSiOQqSXWFBzxeI=
github.com/azr/backoff v0.0.0-20160115115103-53511d3c7330 h1:ekDALXAVvY/Ub1UtNta3inKQwZ/jMB/zpOtD8rAYh78=
github.com/azr/backoff v0.0.0-20160115115103-53511d3c7330/go.mod h1:nH+k0SvAt3HeiYyOlJpLLv1HG1p7KWP7qU9QPp2/pCo=
github.com/davecgh/go-spew v1.1.0 h1:ZDRjVQ15GmhC3fiQ8ni8+OwkZQO4DARzQgrnXU1Liz8=
github.com/davecgh/go-spew v1.1.0/go.mod h1:J7Y8YcW2NihsgmVo/mv3lAwl/skON4iLHjSsI+c5H38=
github.com/dustin/go-jsonpointer v0.0.0-20160814072949-ba0abeacc3dc h1:tP7tkU+vIsEOKiK+l/NSLN4uUtkyuxc6hgYpQeCWAeI=
github.com/dustin/go-jsonpointer v0.0.0-20160814072949-ba0abeacc3dc/go.mod h1:ORH5Qp2bskd9NzSfKqAF7tKfONsEkCarTE5ESr/RVBw=
github.com/dustin/gojson v0.0.0-20160307161227-2e71ec9dd5ad h1:Qk76DOWdOp+GlyDKBAG3Klr9cn7N+LcYc82AZ2S7+cA=
github.com/dustin/gojson v0.0.0-20160307161227-2e71ec9dd5ad/go.mod h1:mPKfmRa823oBIgl2r20LeMSpTAteW5j7FLkc0vjmzyQ=
github.com/garyburd/go-oauth v0.0.0-20171004151416-4cff9ef7b700 h1:keDwpc5ecCjVkZypVCT1QpyVHD9UeCcaWaJrcpqb8XM=
github.com/garyburd/go-oauth v0.0.0-20171004151416-4cff9ef7b700/go.mod h1:HfkOCN6fkKKaPSAeNq/er3xObxTW4VLeY6UUK895gLQ=
github.com/golang/mock v1.0.0 h1:HzcpUG60pfl43n9d2qbdi/3l1uKpAmxlfWEPWtV/QxM=
github.com/golang/mock v1.0.0/go.mod h1:oTYuIxOrZwtPieC+H1uAHpcLFnEyAGVDL/k47Jfbm0A=
github.com/golang/mock v1.4.3 h1:GV+pQPG/EUUbkh47niozDcADz6go/dUwhVzdUQHIVRw=
github.com/golang/mock v1.4.3/go.mod h1:UOMv5ysSaYNkG+OFQykRIcU/QvvxJf3p21QfJ2Bt3cw=
github.com/golang/protobuf v0.0.0-20171113180720-1e59b77b52bf/go.mod h1:6lQm79b+lXiMfvg/cZm0SGofjICqVBUtrP5yJMmIC1U=
github.com/gorilla/context v0.0.0-20160226214623-1ea25387ff6f h1:9oNbS1z4rVpbnkHBdPZU4jo9bSmrLpII768arSyMFgk=
github.com/gorilla/context v0.0.0-20160226214623-1ea25387ff6f/go.mod h1:kBGZzfjB9CEq2AlWe17Uuf7NDRt0dE0s8S51q0aT7Yg=
github.com/gorilla/mux v1.6.0 h1:UykbtMB/w5No2LmE16gINgLj+r/vbziTgaoERQv6U+0=
github.com/gorilla/mux v1.6.0/go.mod h1:1lud6UwP+6orDFRuTfBEV8e9/aOM/c4fVVCaMa2zaAs=
github.com/gorilla/securecookie v0.0.0-20160422134519-667fe4e3466a h1:YH0IojQwndMQdeRWdw1aPT8bkbiWaYR3WD+Zf5e09DU=
github.com/gorilla/securecookie v0.0.0-20160422134519-667fe4e3466a/go.mod h1:ra0sb63/xPlUeL+yeDciTfxMRAA+MP+HVt/4epWDjd4=
github.com/gorilla/sessions v0.0.0-20160922145804-ca9ada445741 h1:OuuPl66BpF1q3OEkaPpp+VfzxrBBY62ATGdWqql/XX8=
github.com/gorilla/sessions v0.0.0-20160922145804-ca9ada445741/go.mod h1:+WVp8kdw6VhyKExm03PAMRn2ZxnPtm58pV0dBVPdhHE=
github.com/iwataka/anaconda v0.0.0-20171204145441-bdb6b88a3685 h1:gi6ZyDL9Xx1d0JUgnvO7KJIOB7fnFBys5hC/Gr5acNE=
github.com/iwataka/anaconda v0.0.0-20171204145441-bdb6b88a3685/go.mod h1:XhPp6OR5eBlnDDSlB0tdbzNADateLShLWdapfESeeQA=
github.com/iwataka/deep v1.0.1-0.20171120171938-ee0f823b0d62 h1:85KbMmuWswrHup/06nMvz/LTn/GJV/O26zs8L1m9rdU=
github.com/iwataka/deep v1.0.1-0.20171120171938-ee0f823b0d62/go.mod h1:6kkZkSleiWzsgYSDmAwJDpqTrRDbn69ze7BFnpPbna4=
github.com/iwataka/slack v0.1.1-0.20171221145354-c67fbc4cca6a h1:ie5nc538FB4iRMgEsYwVAMoVj7B99yBTBz7JiTrvP1Q=
github.com/iwataka/slack v0.1.1-0.20171221145354-c67fbc4cca6a/go.mod h1:t7X+nwAQLOOlj4i0EEaRpxsjodD4uMjBet480Ts9pb4=
github.com/kidstuff/mongostore v0.0.0-20151002152336-256d65ac5b0e h1:yhPLSukTFFnVHmlJJ3C6KwoXpFtT0098URpO14ugi8I=
github.com/kidstuff/mongostore v0.0.0-20151002152336-256d65ac5b0e/go.mod h1:g2nVr8KZVXJSS97Jo8pJ0jgq29P6H7dG0oplUA86MQw=
github.com/markbates/goth v1.43.0 h1:Qw9tBel9ZogbSBYiAVKonkFV5QnNKd8n+FYyPzrJd+Y=
github.com/markbates/goth v1.43.0/go.mod h1:ERjpUjiHOcJUNTBjgUhpKzkay5qNGcMdjRHYOIpF5Uk=
github.com/mattn/go-zglob v0.0.1 h1:xsEx/XUoVlI6yXjqBK062zYhRTZltCNmYPx6v+8DNaY=
github.com/mattn/go-zglob v0.0.1/go.mod h1:9fxibJccNxU2cnpIKLRRFA7zX7qhkJIQWBb449FYHOo=
github.com/mitchellh/go-homedir v0.0.0-20161203194507-b8bc1bf76747 h1:eQox4Rh4ewJF+mqYPxCkmBAirRnPaHEB26UkNuPyjlk=
github.com/mitchellh/go-homedir v0.0.0-20161203194507-b8bc1bf76747/go.mod h1:SfyaCUpYCn1Vlf4IUYiD9fPX4A5wJrkLzIz1N1q0pr0=
github.com/mrjones/oauth v0.0.0-20170225175752-3f67d9c27435 h1:BLNsxEs5JLL35+z5Cm/x3KovfXuLQ5ddAqjhNhZE9yc=
github.com/mrjones/oauth v0.0.0-20170225175752-3f67d9c27435/go.mod h1:skjdDftzkFALcuGzYSklqYd8gvat6F1gZJ4YPVbkZpM=
github.com/pkg/errors v0.8.0 h1:WdK/asTD0HN+q6hsWO3/vpuAkAr+tw6aNJNDFFf0+qw=
github.com/pkg/errors v0.8.0/go.mod h1:bwawxfHBFNV+L2hUp1rHADufV3IMtnDRdf1r5NINEl0=
github.com/pmezard/go-difflib v1.0.0 h1:4DBwDE0NGyQoBHbLQYPwSUPoCMWR5BEzIk/f1lZbAQM=
github.com/pmezard/go-difflib v1.0.0/go.mod h1:iKH77koFhYxTK1pcRnkKkqfTogsbg7gZNVY4sRDYZ/4=
github.com/sclevine/agouti v0.0.0-20171003013254-8cf0313221cb h1:SD51RWRMWMeGVIt40ZyzjBM7QGUczWRIok83PHBw6ts=
github.com/sclevine/agouti v0.0.0-20171003013254-8cf0313221cb/go.mod h1:b4WX9W9L1sfQKXeJf1mUTLZKJ48R1S7H23Ji7oFO5Bw=
github.com/stretchr/testify v1.2.1 h1:52QO5WkIUcHGIR7EnGagH88x1bUzqGXTC5/1bDTUQ7U=
github.com/stretchr/testify v1.2.1/go.mod h1:a8OnRcib4nhh0OaRAV+Yts87kKdq0PP7pXfy6kDkUVs=
github.com/urfave/cli v1.20.0 h1:fDqGv3UG/4jbVl/QkFwEdddtEDjh/5Ov6X+0B/3bPaw=
github.com/urfave/cli v1.20.0/go.mod h1:70zkFmudgCuE/ngEzBv17Jvp/497gISqfk5gWijbERA=
golang.org/x/crypto v0.0.0-20190308221718-c2843e01d9a2/go.mod h1:djNgcEr1/C05ACkg1iLfiJU5Ep61QUkGW8qpdssI0+w=
golang.org/x/net v0.0.0-20171212005608-d866cfc389ce h1:4g3VPcb++AP2cNa6CQ0iACUoH7J/3Jxojq0mmJun9A4=
golang.org/x/net v0.0.0-20171212005608-d866cfc389ce/go.mod h1:mL1N/T3taQHkDXs73rZJwtUhF3w3ftmwwsq0BUmARs4=
golang.org/x/net v0.0.0-20190311183353-d8887717615a h1:oWX7TPOiFAMXLq8o0ikBYfCJVlRHBcsciT5bXOrH628=
golang.org/x/net v0.0.0-20190311183353-d8887717615a/go.mod h1:t9HGtf8HONx5eT2rtn7q6eTqICYqUVnKs3thJo3Qplg=
golang.org/x/oauth2 v0.0.0-20171219020721-0448841f0cbe h1:1vMd61SQS1PtYwB1r/u+VckSuYS//RLbirw5o7dAuaM=
golang.org/x/oauth2 v0.0.0-20171219020721-0448841f0cbe/go.mod h1:N/0e6XlmueqKjAGxoOufVs8QHGRruUQn6yWY3a++T0U=
golang.org/x/sync v0.0.0-20190423024810-112230192c58/go.mod h1:RxMgew5VJxzue5/jJTE5uejpjVlOe/izrB70Jof72aM=
golang.org/x/sys v0.0.0-20190215142949-d0b11bdaac8a/go.mod h1:STP8DvDyc/dI5b8T5hshtkjS+E42TnysNCUPdjciGhY=
golang.org/x/text v0.0.0-20170915032832-14c0d48ead0c/go.mod h1:NqM8EUOU14njkJ3fqMW+pc6Ldnwhi/IjpwHt7yyuwOQ=
golang.org/x/text v0.3.0 h1:g61tztE5qeGQ89tm6NTjjM9VPIm088od1l6aSorWRWg=
golang.org/x/text v0.3.0/go.mod h1:NqM8EUOU14njkJ3fqMW+pc6Ldnwhi/IjpwHt7yyuwOQ=
golang.org/x/text v0.3.2 h1:tW2bmiBqwgJj/UpqtC8EpXEZVYOwU0yG4iWbprSVAcs=
golang.org/x/text v0.3.2/go.mod h1:bEr9sfX3Q8Zfm5fL9x+3itogRgK3+ptLWKqgva+5dAk=
golang.org/x/tools v0.0.0-20180917221912-90fa682c2a6e/go.mod h1:n7NCudcB/nEzxVGmLbDWY5pfWTLqBcC2KZ6jyYvM4mQ=
golang.org/x/tools v0.0.0-20190425150028-36563e24a262/go.mod h1:RgjU9mgBXZiqYHBnxXauZ1Gv1EHHAz9KjViQ78xBX0Q=
google.golang.org/api v0.0.0-20171220000333-cf39d2072c48 h1:uRBninFq1ydQCCz2flV4pc5ygggFGRm9MFkjYLgEPmI=
google.golang.org/api v0.0.0-20171220000333-cf39d2072c48/go.mod h1:4mhQ8q/RsB7i+udVvVy5NUi08OU8ZlA0gRVgrF7VFY0=
google.golang.org/appengine v1.0.0/go.mod h1:EbEs0AVv82hx2wNQdGPgUI5lhzA/G0D9YwlJXL52JkM=
gopkg.in/mgo.v2 v2.0.0-20160818020120-3f83fa500528 h1:/saqWwm73dLmuzbNhe92F0QsZ/KiFND+esHco2v1hiY=
gopkg.in/mgo.v2 v2.0.0-20160818020120-3f83fa500528/go.mod h1:yeKp02qBN3iKW1OzL3MGk2IdtZzaj7SFntXj72NppTA=
rsc.io/quote/v3 v3.1.0 h1:9JKUTTIUgS6kzR9mK1YuGKv6Nl+DijDNIc0ghT58FaY=
rsc.io/quote/v3 v3.1.0/go.mod h1:yEA65RcK8LyAZtP9Kv3t0HmxON59tX3rD+tICJqUlj0=
rsc.io/sampler v1.3.0 h1:7uVkIFmeBqHfdjD+gZwtXXI+RODJ2Wc4O7MPEh/QiW4=
rsc.io/sampler v1.3.0/go.mod h1:T1hPZKmBbMNahiBKFy5HrXp6adAjACjK9JXDnKaTXpA=
rsc.io/sampler v1.99.99 h1:7i08f/p5TBU5joCPW3GjWG1ZFCmr28ybGqlXtelhEK8=
rsc.io/sampler v1.99.99/go.mod h1:T1hPZKmBbMNahiBKFy5HrXp6adAjACjK9JXDnKaTXpA=
